
Microsoft Visual Studio Solution File, Format Version 12.00
# Visual Studio Version 16
VisualStudioVersion = 16.0.30804.86
MinimumVisualStudioVersion = 10.0.40219.1
Project("{9A19103F-16F7-4668-BE54-9A1E7A4F7556}") = "ProgramsRunningServer", "ProgramsRunningServer\ProgramsRunningServer.csproj", "{B3FF74EF-F453-46C4-B5F8-23FFB086B699}"
EndProject
Project("{9A19103F-16F7-4668-BE54-9A1E7A4F7556}") = "ProgramsRunningClient", "ProgramsRunningClient\ProgramsRunningClient.csproj", "{5ECB2AED-60EE-4F95-8D8D-9E8B6B1E9AA8}"
EndProject
Project("{9A19103F-16F7-4668-BE54-9A1E7A4F7556}") = "Shared", "Shared\Shared.csproj", "{86AF077E-A505-48B6-BCBD-816E79E52CB5}"
EndProject
Project("{2150E333-8FDC-42A3-9474-1A3956D46DE8}") = "Solution Items", "Solution Items", "{3A493948-3318-425E-8693-2A27C5200134}"
	ProjectSection(SolutionItems) = preProject
		.editorconfig = .editorconfig
	EndProjectSection
EndProject
Global
	GlobalSection(SolutionConfigurationPlatforms) = preSolution
		Debug|Any CPU = Debug|Any CPU
		Release|Any CPU = Release|Any CPU
	EndGlobalSection
	GlobalSection(ProjectConfigurationPlatforms) = postSolution
		{B3FF74EF-F453-46C4-B5F8-23FFB086B699}.Debug|Any CPU.ActiveCfg = Debug|Any CPU
		{B3FF74EF-F453-46C4-B5F8-23FFB086B699}.Debug|Any CPU.Build.0 = Debug|Any CPU
		{B3FF74EF-F453-46C4-B5F8-23FFB086B699}.Release|Any CPU.ActiveCfg = Release|Any CPU
		{B3FF74EF-F453-46C4-B5F8-23FFB086B699}.Release|Any CPU.Build.0 = Release|Any CPU
		{5ECB2AED-60EE-4F95-8D8D-9E8B6B1E9AA8}.Debug|Any CPU.ActiveCfg = Debug|Any CPU
		{5ECB2AED-60EE-4F95-8D8D-9E8B6B1E9AA8}.Debug|Any CPU.Build.0 = Debug|Any CPU
		{5ECB2AED-60EE-4F95-8D8D-9E8B6B1E9AA8}.Release|Any CPU.ActiveCfg = Release|Any CPU
		{5ECB2AED-60EE-4F95-8D8D-9E8B6B1E9AA8}.Release|Any CPU.Build.0 = Release|Any CPU
		{86AF077E-A505-48B6-BCBD-816E79E52CB5}.Debug|Any CPU.ActiveCfg = Debug|Any CPU
		{86AF077E-A505-48B6-BCBD-816E79E52CB5}.Debug|Any CPU.Build.0 = Debug|Any CPU
		{86AF077E-A505-48B6-BCBD-816E79E52CB5}.Release|Any CPU.ActiveCfg = Release|Any CPU
		{86AF077E-A505-48B6-BCBD-816E79E52CB5}.Release|Any CPU.Build.0 = Release|Any CPU
	EndGlobalSection
	GlobalSection(SolutionProperties) = preSolution
		HideSolutionNode = FALSE
	EndGlobalSection
	GlobalSection(ExtensibilityGlobals) = postSolution
		SolutionGuid = {124C0B45-EBC6-4D6C-8FE2-A64E1D169E53}
	EndGlobalSection
EndGlobal
