
Microsoft Visual Studio Solution File, Format Version 12.00
# Visual Studio Version 16
VisualStudioVersion = 16.0.30709.64
MinimumVisualStudioVersion = 10.0.40219.1
Project("{2150E333-8FDC-42A3-9474-1A3956D46DE8}") = "Solution Items", "Solution Items", "{4C17193D-3F56-4448-8A94-F233E9061B89}"
	ProjectSection(SolutionItems) = preProject
		.editorconfig = .editorconfig
	EndProjectSection
EndProject
Project("{9A19103F-16F7-4668-BE54-9A1E7A4F7556}") = "ProgramsRunningServer", "ProgramsRunningServer.csproj", "{8BED9336-A5B7-46CB-B906-035F18CE6C53}"
EndProject
Project("{FAE04EC0-301F-11D3-BF4B-00C04F79EFBC}") = "Shared", "..\Shared\Shared.csproj", "{65F042E7-B47C-4973-A1E2-5A871731E7E3}"
EndProject
Project("{9A19103F-16F7-4668-BE54-9A1E7A4F7556}") = "ProgramsRunningClient", "..\ProgramsRunningClient\ProgramsRunningClient.csproj", "{A552C4AB-2634-4667-A3A9-76D6ECBAFE32}"
EndProject
Global
	GlobalSection(SolutionConfigurationPlatforms) = preSolution
		Debug|Any CPU = Debug|Any CPU
		Release|Any CPU = Release|Any CPU
	EndGlobalSection
	GlobalSection(ProjectConfigurationPlatforms) = postSolution
		{8BED9336-A5B7-46CB-B906-035F18CE6C53}.Debug|Any CPU.ActiveCfg = Debug|Any CPU
		{8BED9336-A5B7-46CB-B906-035F18CE6C53}.Debug|Any CPU.Build.0 = Debug|Any CPU
		{8BED9336-A5B7-46CB-B906-035F18CE6C53}.Release|Any CPU.ActiveCfg = Release|Any CPU
		{8BED9336-A5B7-46CB-B906-035F18CE6C53}.Release|Any CPU.Build.0 = Release|Any CPU
		{65F042E7-B47C-4973-A1E2-5A871731E7E3}.Debug|Any CPU.ActiveCfg = Debug|Any CPU
		{65F042E7-B47C-4973-A1E2-5A871731E7E3}.Debug|Any CPU.Build.0 = Debug|Any CPU
		{65F042E7-B47C-4973-A1E2-5A871731E7E3}.Release|Any CPU.ActiveCfg = Release|Any CPU
		{65F042E7-B47C-4973-A1E2-5A871731E7E3}.Release|Any CPU.Build.0 = Release|Any CPU
		{A552C4AB-2634-4667-A3A9-76D6ECBAFE32}.Debug|Any CPU.ActiveCfg = Debug|Any CPU
		{A552C4AB-2634-4667-A3A9-76D6ECBAFE32}.Debug|Any CPU.Build.0 = Debug|Any CPU
		{A552C4AB-2634-4667-A3A9-76D6ECBAFE32}.Release|Any CPU.ActiveCfg = Release|Any CPU
		{A552C4AB-2634-4667-A3A9-76D6ECBAFE32}.Release|Any CPU.Build.0 = Release|Any CPU
	EndGlobalSection
	GlobalSection(SolutionProperties) = preSolution
		HideSolutionNode = FALSE
	EndGlobalSection
	GlobalSection(ExtensibilityGlobals) = postSolution
		SolutionGuid = {6C01FB57-4234-465F-8C79-5930EAD123B2}
	EndGlobalSection
EndGlobal
